// !$*UTF8*$!
{
	archiveVersion = 1;
	classes = {
	};
	objectVersion = 50;
	objects = {

/* Begin PBXBuildFile section */
		3B90513B23A722D2009B112E /* GroupAnnotationView.swift in Sources */ = {isa = PBXBuildFile; fileRef = 3B90513A23A722D2009B112E /* GroupAnnotationView.swift */; };
		3B90513D23A72468009B112E /* GroupAnnotation.swift in Sources */ = {isa = PBXBuildFile; fileRef = 3B90513C23A72468009B112E /* GroupAnnotation.swift */; };
		3B90513F23A7334A009B112E /* CampCreationAnnotation.swift in Sources */ = {isa = PBXBuildFile; fileRef = 3B90513E23A7334A009B112E /* CampCreationAnnotation.swift */; };
		3BA83B3923A326B100CDDD37 /* AppDelegate.swift in Sources */ = {isa = PBXBuildFile; fileRef = 3BA83B3823A326B100CDDD37 /* AppDelegate.swift */; };
		3BA83B3B23A326B100CDDD37 /* SceneDelegate.swift in Sources */ = {isa = PBXBuildFile; fileRef = 3BA83B3A23A326B100CDDD37 /* SceneDelegate.swift */; };
		3BA83B3D23A326B100CDDD37 /* ContentView.swift in Sources */ = {isa = PBXBuildFile; fileRef = 3BA83B3C23A326B100CDDD37 /* ContentView.swift */; };
		3BA83B3F23A326B400CDDD37 /* Assets.xcassets in Resources */ = {isa = PBXBuildFile; fileRef = 3BA83B3E23A326B400CDDD37 /* Assets.xcassets */; };
		3BA83B4223A326B400CDDD37 /* Preview Assets.xcassets in Resources */ = {isa = PBXBuildFile; fileRef = 3BA83B4123A326B400CDDD37 /* Preview Assets.xcassets */; };
		3BA83B4523A326B400CDDD37 /* LaunchScreen.storyboard in Resources */ = {isa = PBXBuildFile; fileRef = 3BA83B4323A326B400CDDD37 /* LaunchScreen.storyboard */; };
		3BA83B4D23A3286B00CDDD37 /* Campsite.swift in Sources */ = {isa = PBXBuildFile; fileRef = 3BA83B4C23A3286B00CDDD37 /* Campsite.swift */; };
		3BA83B4F23A32B3600CDDD37 /* Camper.swift in Sources */ = {isa = PBXBuildFile; fileRef = 3BA83B4E23A32B3600CDDD37 /* Camper.swift */; };
		3BA83B5123A333E700CDDD37 /* glacier.json in Resources */ = {isa = PBXBuildFile; fileRef = 3BA83B5023A333E700CDDD37 /* glacier.json */; };
		3BA83B5323A3358300CDDD37 /* MainViewController.swift in Sources */ = {isa = PBXBuildFile; fileRef = 3BA83B5223A3358300CDDD37 /* MainViewController.swift */; };
		3BA83B5523A3372C00CDDD37 /* Campground.swift in Sources */ = {isa = PBXBuildFile; fileRef = 3BA83B5423A3372B00CDDD37 /* Campground.swift */; };
		3BA83B5723A337C300CDDD37 /* CampgroundViewController.swift in Sources */ = {isa = PBXBuildFile; fileRef = 3BA83B5623A337C300CDDD37 /* CampgroundViewController.swift */; };
		3BA83B5923A6362F00CDDD37 /* TouchMKMapView.swift in Sources */ = {isa = PBXBuildFile; fileRef = 3BA83B5823A6362F00CDDD37 /* TouchMKMapView.swift */; };
		3BA83B5B23A6C93F00CDDD37 /* CreateCampsiteVC.swift in Sources */ = {isa = PBXBuildFile; fileRef = 3BA83B5A23A6C93F00CDDD37 /* CreateCampsiteVC.swift */; };
		3BA83B5D23A7079A00CDDD37 /* CampsiteAnnotationView.swift in Sources */ = {isa = PBXBuildFile; fileRef = 3BA83B5C23A7079A00CDDD37 /* CampsiteAnnotationView.swift */; };
		3BA83B6023A7096B00CDDD37 /* CampsiteAnnotation.swift in Sources */ = {isa = PBXBuildFile; fileRef = 3BA83B5F23A7096B00CDDD37 /* CampsiteAnnotation.swift */; };
		3BA83B6623A709E900CDDD37 /* CamperAnnotation.swift in Sources */ = {isa = PBXBuildFile; fileRef = 3BA83B6523A709E900CDDD37 /* CamperAnnotation.swift */; };
		3BA83B6823A709FE00CDDD37 /* CamperAnnotationView.swift in Sources */ = {isa = PBXBuildFile; fileRef = 3BA83B6723A709FE00CDDD37 /* CamperAnnotationView.swift */; };
/* End PBXBuildFile section */

/* Begin PBXFileReference section */
		3B90513A23A722D2009B112E /* GroupAnnotationView.swift */ = {isa = PBXFileReference; lastKnownFileType = sourcecode.swift; path = GroupAnnotationView.swift; sourceTree = "<group>"; };
		3B90513C23A72468009B112E /* GroupAnnotation.swift */ = {isa = PBXFileReference; lastKnownFileType = sourcecode.swift; path = GroupAnnotation.swift; sourceTree = "<group>"; };
		3B90513E23A7334A009B112E /* CampCreationAnnotation.swift */ = {isa = PBXFileReference; lastKnownFileType = sourcecode.swift; path = CampCreationAnnotation.swift; sourceTree = "<group>"; };
		3BA83B3523A326B100CDDD37 /* StructionSiteCC.app */ = {isa = PBXFileReference; explicitFileType = wrapper.application; includeInIndex = 0; path = StructionSiteCC.app; sourceTree = BUILT_PRODUCTS_DIR; };
		3BA83B3823A326B100CDDD37 /* AppDelegate.swift */ = {isa = PBXFileReference; lastKnownFileType = sourcecode.swift; path = AppDelegate.swift; sourceTree = "<group>"; };
		3BA83B3A23A326B100CDDD37 /* SceneDelegate.swift */ = {isa = PBXFileReference; lastKnownFileType = sourcecode.swift; path = SceneDelegate.swift; sourceTree = "<group>"; };
		3BA83B3C23A326B100CDDD37 /* ContentView.swift */ = {isa = PBXFileReference; lastKnownFileType = sourcecode.swift; path = ContentView.swift; sourceTree = "<group>"; };
		3BA83B3E23A326B400CDDD37 /* Assets.xcassets */ = {isa = PBXFileReference; lastKnownFileType = folder.assetcatalog; path = Assets.xcassets; sourceTree = "<group>"; };
		3BA83B4123A326B400CDDD37 /* Preview Assets.xcassets */ = {isa = PBXFileReference; lastKnownFileType = folder.assetcatalog; path = "Preview Assets.xcassets"; sourceTree = "<group>"; };
		3BA83B4423A326B400CDDD37 /* Base */ = {isa = PBXFileReference; lastKnownFileType = file.storyboard; name = Base; path = Base.lproj/LaunchScreen.storyboard; sourceTree = "<group>"; };
		3BA83B4623A326B400CDDD37 /* Info.plist */ = {isa = PBXFileReference; lastKnownFileType = text.plist.xml; path = Info.plist; sourceTree = "<group>"; };
		3BA83B4C23A3286B00CDDD37 /* Campsite.swift */ = {isa = PBXFileReference; lastKnownFileType = sourcecode.swift; path = Campsite.swift; sourceTree = "<group>"; };
		3BA83B4E23A32B3600CDDD37 /* Camper.swift */ = {isa = PBXFileReference; lastKnownFileType = sourcecode.swift; path = Camper.swift; sourceTree = "<group>"; };
		3BA83B5023A333E700CDDD37 /* glacier.json */ = {isa = PBXFileReference; lastKnownFileType = text.json; path = glacier.json; sourceTree = "<group>"; };
		3BA83B5223A3358300CDDD37 /* MainViewController.swift */ = {isa = PBXFileReference; lastKnownFileType = sourcecode.swift; path = MainViewController.swift; sourceTree = "<group>"; };
		3BA83B5423A3372B00CDDD37 /* Campground.swift */ = {isa = PBXFileReference; lastKnownFileType = sourcecode.swift; path = Campground.swift; sourceTree = "<group>"; };
		3BA83B5623A337C300CDDD37 /* CampgroundViewController.swift */ = {isa = PBXFileReference; lastKnownFileType = sourcecode.swift; path = CampgroundViewController.swift; sourceTree = "<group>"; };
		3BA83B5823A6362F00CDDD37 /* TouchMKMapView.swift */ = {isa = PBXFileReference; lastKnownFileType = sourcecode.swift; path = TouchMKMapView.swift; sourceTree = "<group>"; };
		3BA83B5A23A6C93F00CDDD37 /* CreateCampsiteVC.swift */ = {isa = PBXFileReference; lastKnownFileType = sourcecode.swift; path = CreateCampsiteVC.swift; sourceTree = "<group>"; };
		3BA83B5C23A7079A00CDDD37 /* CampsiteAnnotationView.swift */ = {isa = PBXFileReference; lastKnownFileType = sourcecode.swift; path = CampsiteAnnotationView.swift; sourceTree = "<group>"; };
		3BA83B5F23A7096B00CDDD37 /* CampsiteAnnotation.swift */ = {isa = PBXFileReference; lastKnownFileType = sourcecode.swift; path = CampsiteAnnotation.swift; sourceTree = "<group>"; };
		3BA83B6523A709E900CDDD37 /* CamperAnnotation.swift */ = {isa = PBXFileReference; lastKnownFileType = sourcecode.swift; path = CamperAnnotation.swift; sourceTree = "<group>"; };
		3BA83B6723A709FE00CDDD37 /* CamperAnnotationView.swift */ = {isa = PBXFileReference; lastKnownFileType = sourcecode.swift; path = CamperAnnotationView.swift; sourceTree = "<group>"; };
/* End PBXFileReference section */

/* Begin PBXFrameworksBuildPhase section */
		3BA83B3223A326B100CDDD37 /* Frameworks */ = {
			isa = PBXFrameworksBuildPhase;
			buildActionMask = 2147483647;
			files = (
			);
			runOnlyForDeploymentPostprocessing = 0;
		};
/* End PBXFrameworksBuildPhase section */

/* Begin PBXGroup section */
		3BA83B2C23A326B100CDDD37 = {
			isa = PBXGroup;
			children = (
				3BA83B3723A326B100CDDD37 /* StructionSiteCC */,
				3BA83B3623A326B100CDDD37 /* Products */,
			);
			sourceTree = "<group>";
		};
		3BA83B3623A326B100CDDD37 /* Products */ = {
			isa = PBXGroup;
			children = (
				3BA83B3523A326B100CDDD37 /* StructionSiteCC.app */,
			);
			name = Products;
			sourceTree = "<group>";
		};
		3BA83B3723A326B100CDDD37 /* StructionSiteCC */ = {
			isa = PBXGroup;
			children = (
				3BA83B3823A326B100CDDD37 /* AppDelegate.swift */,
				3BA83B3A23A326B100CDDD37 /* SceneDelegate.swift */,
				3BA83B3C23A326B100CDDD37 /* ContentView.swift */,
				3BA83B6223A709AE00CDDD37 /* View Controllers */,
				3BA83B6323A709BE00CDDD37 /* Custom Views */,
				3BA83B6123A7099500CDDD37 /* Data Objects */,
				3BA83B5E23A707BF00CDDD37 /* Map Objects */,
				3BA83B6423A709CA00CDDD37 /* Resources */,
				3BA83B3E23A326B400CDDD37 /* Assets.xcassets */,
				3BA83B4323A326B400CDDD37 /* LaunchScreen.storyboard */,
				3BA83B4623A326B400CDDD37 /* Info.plist */,
				3BA83B4023A326B400CDDD37 /* Preview Content */,
			);
			path = StructionSiteCC;
			sourceTree = "<group>";
		};
		3BA83B4023A326B400CDDD37 /* Preview Content */ = {
			isa = PBXGroup;
			children = (
				3BA83B4123A326B400CDDD37 /* Preview Assets.xcassets */,
			);
			path = "Preview Content";
			sourceTree = "<group>";
		};
		3BA83B5E23A707BF00CDDD37 /* Map Objects */ = {
			isa = PBXGroup;
			children = (
				3B90513E23A7334A009B112E /* CampCreationAnnotation.swift */,
				3BA83B5F23A7096B00CDDD37 /* CampsiteAnnotation.swift */,
				3BA83B5C23A7079A00CDDD37 /* CampsiteAnnotationView.swift */,
				3BA83B6523A709E900CDDD37 /* CamperAnnotation.swift */,
				3BA83B6723A709FE00CDDD37 /* CamperAnnotationView.swift */,
				3B90513C23A72468009B112E /* GroupAnnotation.swift */,
				3B90513A23A722D2009B112E /* GroupAnnotationView.swift */,
			);
			path = "Map Objects";
			sourceTree = "<group>";
		};
		3BA83B6123A7099500CDDD37 /* Data Objects */ = {
			isa = PBXGroup;
			children = (
				3BA83B5423A3372B00CDDD37 /* Campground.swift */,
				3BA83B4C23A3286B00CDDD37 /* Campsite.swift */,
				3BA83B4E23A32B3600CDDD37 /* Camper.swift */,
			);
			path = "Data Objects";
			sourceTree = "<group>";
		};
		3BA83B6223A709AE00CDDD37 /* View Controllers */ = {
			isa = PBXGroup;
			children = (
				3BA83B5223A3358300CDDD37 /* MainViewController.swift */,
				3BA83B5623A337C300CDDD37 /* CampgroundViewController.swift */,
				3BA83B5A23A6C93F00CDDD37 /* CreateCampsiteVC.swift */,
			);
			path = "View Controllers";
			sourceTree = "<group>";
		};
		3BA83B6323A709BE00CDDD37 /* Custom Views */ = {
			isa = PBXGroup;
			children = (
				3BA83B5823A6362F00CDDD37 /* TouchMKMapView.swift */,
			);
			path = "Custom Views";
			sourceTree = "<group>";
		};
		3BA83B6423A709CA00CDDD37 /* Resources */ = {
			isa = PBXGroup;
			children = (
				3BA83B5023A333E700CDDD37 /* glacier.json */,
			);
			path = Resources;
			sourceTree = "<group>";
		};
/* End PBXGroup section */

/* Begin PBXNativeTarget section */
		3BA83B3423A326B100CDDD37 /* StructionSiteCC */ = {
			isa = PBXNativeTarget;
			buildConfigurationList = 3BA83B4923A326B400CDDD37 /* Build configuration list for PBXNativeTarget "StructionSiteCC" */;
			buildPhases = (
				3BA83B3123A326B100CDDD37 /* Sources */,
				3BA83B3223A326B100CDDD37 /* Frameworks */,
				3BA83B3323A326B100CDDD37 /* Resources */,
			);
			buildRules = (
			);
			dependencies = (
			);
			name = StructionSiteCC;
			productName = StructionSiteCC;
			productReference = 3BA83B3523A326B100CDDD37 /* StructionSiteCC.app */;
			productType = "com.apple.product-type.application";
		};
/* End PBXNativeTarget section */

/* Begin PBXProject section */
		3BA83B2D23A326B100CDDD37 /* Project object */ = {
			isa = PBXProject;
			attributes = {
				LastSwiftUpdateCheck = 1130;
				LastUpgradeCheck = 1130;
				ORGANIZATIONNAME = "Dekabe Studios";
				TargetAttributes = {
					3BA83B3423A326B100CDDD37 = {
						CreatedOnToolsVersion = 11.3;
					};
				};
			};
			buildConfigurationList = 3BA83B3023A326B100CDDD37 /* Build configuration list for PBXProject "StructionSiteCC" */;
			compatibilityVersion = "Xcode 9.3";
			developmentRegion = en;
			hasScannedForEncodings = 0;
			knownRegions = (
				en,
				Base,
			);
			mainGroup = 3BA83B2C23A326B100CDDD37;
			productRefGroup = 3BA83B3623A326B100CDDD37 /* Products */;
			projectDirPath = "";
			projectRoot = "";
			targets = (
				3BA83B3423A326B100CDDD37 /* StructionSiteCC */,
			);
		};
/* End PBXProject section */

/* Begin PBXResourcesBuildPhase section */
		3BA83B3323A326B100CDDD37 /* Resources */ = {
			isa = PBXResourcesBuildPhase;
			buildActionMask = 2147483647;
			files = (
				3BA83B4523A326B400CDDD37 /* LaunchScreen.storyboard in Resources */,
				3BA83B4223A326B400CDDD37 /* Preview Assets.xcassets in Resources */,
				3BA83B3F23A326B400CDDD37 /* Assets.xcassets in Resources */,
				3BA83B5123A333E700CDDD37 /* glacier.json in Resources */,
			);
			runOnlyForDeploymentPostprocessing = 0;
		};
/* End PBXResourcesBuildPhase section */

/* Begin PBXSourcesBuildPhase section */
		3BA83B3123A326B100CDDD37 /* Sources */ = {
			isa = PBXSourcesBuildPhase;
			buildActionMask = 2147483647;
			files = (
				3BA83B5723A337C300CDDD37 /* CampgroundViewController.swift in Sources */,
				3BA83B5523A3372C00CDDD37 /* Campground.swift in Sources */,
				3BA83B5D23A7079A00CDDD37 /* CampsiteAnnotationView.swift in Sources */,
				3BA83B5B23A6C93F00CDDD37 /* CreateCampsiteVC.swift in Sources */,
				3BA83B3923A326B100CDDD37 /* AppDelegate.swift in Sources */,
				3BA83B5923A6362F00CDDD37 /* TouchMKMapView.swift in Sources */,
				3BA83B6623A709E900CDDD37 /* CamperAnnotation.swift in Sources */,
				3BA83B6823A709FE00CDDD37 /* CamperAnnotationView.swift in Sources */,
				3B90513D23A72468009B112E /* GroupAnnotation.swift in Sources */,
				3BA83B3B23A326B100CDDD37 /* SceneDelegate.swift in Sources */,
				3BA83B3D23A326B100CDDD37 /* ContentView.swift in Sources */,
				3BA83B6023A7096B00CDDD37 /* CampsiteAnnotation.swift in Sources */,
				3BA83B5323A3358300CDDD37 /* MainViewController.swift in Sources */,
				3BA83B4D23A3286B00CDDD37 /* Campsite.swift in Sources */,
				3B90513F23A7334A009B112E /* CampCreationAnnotation.swift in Sources */,
				3B90513B23A722D2009B112E /* GroupAnnotationView.swift in Sources */,
				3BA83B4F23A32B3600CDDD37 /* Camper.swift in Sources */,
			);
			runOnlyForDeploymentPostprocessing = 0;
		};
/* End PBXSourcesBuildPhase section */

/* Begin PBXVariantGroup section */
		3BA83B4323A326B400CDDD37 /* LaunchScreen.storyboard */ = {
			isa = PBXVariantGroup;
			children = (
				3BA83B4423A326B400CDDD37 /* Base */,
			);
			name = LaunchScreen.storyboard;
			sourceTree = "<group>";
		};
/* End PBXVariantGroup section */

/* Begin XCBuildConfiguration section */
		3BA83B4723A326B400CDDD37 /* Debug */ = {
			isa = XCBuildConfiguration;
			buildSettings = {
				ALWAYS_SEARCH_USER_PATHS = NO;
				CLANG_ANALYZER_NONNULL = YES;
				CLANG_ANALYZER_NUMBER_OBJECT_CONVERSION = YES_AGGRESSIVE;
				CLANG_CXX_LANGUAGE_STANDARD = "gnu++14";
				CLANG_CXX_LIBRARY = "libc++";
				CLANG_ENABLE_MODULES = YES;
				CLANG_ENABLE_OBJC_ARC = YES;
				CLANG_ENABLE_OBJC_WEAK = YES;
				CLANG_WARN_BLOCK_CAPTURE_AUTORELEASING = YES;
				CLANG_WARN_BOOL_CONVERSION = YES;
				CLANG_WARN_COMMA = YES;
				CLANG_WARN_CONSTANT_CONVERSION = YES;
				CLANG_WARN_DEPRECATED_OBJC_IMPLEMENTATIONS = YES;
				CLANG_WARN_DIRECT_OBJC_ISA_USAGE = YES_ERROR;
				CLANG_WARN_DOCUMENTATION_COMMENTS = YES;
				CLANG_WARN_EMPTY_BODY = YES;
				CLANG_WARN_ENUM_CONVERSION = YES;
				CLANG_WARN_INFINITE_RECURSION = YES;
				CLANG_WARN_INT_CONVERSION = YES;
				CLANG_WARN_NON_LITERAL_NULL_CONVERSION = YES;
				CLANG_WARN_OBJC_IMPLICIT_RETAIN_SELF = YES;
				CLANG_WARN_OBJC_LITERAL_CONVERSION = YES;
				CLANG_WARN_OBJC_ROOT_CLASS = YES_ERROR;
				CLANG_WARN_RANGE_LOOP_ANALYSIS = YES;
				CLANG_WARN_STRICT_PROTOTYPES = YES;
				CLANG_WARN_SUSPICIOUS_MOVE = YES;
				CLANG_WARN_UNGUARDED_AVAILABILITY = YES_AGGRESSIVE;
				CLANG_WARN_UNREACHABLE_CODE = YES;
				CLANG_WARN__DUPLICATE_METHOD_MATCH = YES;
				COPY_PHASE_STRIP = NO;
				DEBUG_INFORMATION_FORMAT = dwarf;
				ENABLE_STRICT_OBJC_MSGSEND = YES;
				ENABLE_TESTABILITY = YES;
				GCC_C_LANGUAGE_STANDARD = gnu11;
				GCC_DYNAMIC_NO_PIC = NO;
				GCC_NO_COMMON_BLOCKS = YES;
				GCC_OPTIMIZATION_LEVEL = 0;
				GCC_PREPROCESSOR_DEFINITIONS = (
					"DEBUG=1",
					"$(inherited)",
				);
				GCC_WARN_64_TO_32_BIT_CONVERSION = YES;
				GCC_WARN_ABOUT_RETURN_TYPE = YES_ERROR;
				GCC_WARN_UNDECLARED_SELECTOR = YES;
				GCC_WARN_UNINITIALIZED_AUTOS = YES_AGGRESSIVE;
				GCC_WARN_UNUSED_FUNCTION = YES;
				GCC_WARN_UNUSED_VARIABLE = YES;
				IPHONEOS_DEPLOYMENT_TARGET = 13.2;
				MTL_ENABLE_DEBUG_INFO = INCLUDE_SOURCE;
				MTL_FAST_MATH = YES;
				ONLY_ACTIVE_ARCH = YES;
				SDKROOT = iphoneos;
				SWIFT_ACTIVE_COMPILATION_CONDITIONS = DEBUG;
				SWIFT_OPTIMIZATION_LEVEL = "-Onone";
			};
			name = Debug;
		};
		3BA83B4823A326B400CDDD37 /* Release */ = {
			isa = XCBuildConfiguration;
			buildSettings = {
				ALWAYS_SEARCH_USER_PATHS = NO;
				CLANG_ANALYZER_NONNULL = YES;
				CLANG_ANALYZER_NUMBER_OBJECT_CONVERSION = YES_AGGRESSIVE;
				CLANG_CXX_LANGUAGE_STANDARD = "gnu++14";
				CLANG_CXX_LIBRARY = "libc++";
				CLANG_ENABLE_MODULES = YES;
				CLANG_ENABLE_OBJC_ARC = YES;
				CLANG_ENABLE_OBJC_WEAK = YES;
				CLANG_WARN_BLOCK_CAPTURE_AUTORELEASING = YES;
				CLANG_WARN_BOOL_CONVERSION = YES;
				CLANG_WARN_COMMA = YES;
				CLANG_WARN_CONSTANT_CONVERSION = YES;
				CLANG_WARN_DEPRECATED_OBJC_IMPLEMENTATIONS = YES;
				CLANG_WARN_DIRECT_OBJC_ISA_USAGE = YES_ERROR;
				CLANG_WARN_DOCUMENTATION_COMMENTS = YES;
				CLANG_WARN_EMPTY_BODY = YES;
				CLANG_WARN_ENUM_CONVERSION = YES;
				CLANG_WARN_INFINITE_RECURSION = YES;
				CLANG_WARN_INT_CONVERSION = YES;
				CLANG_WARN_NON_LITERAL_NULL_CONVERSION = YES;
				CLANG_WARN_OBJC_IMPLICIT_RETAIN_SELF = YES;
				CLANG_WARN_OBJC_LITERAL_CONVERSION = YES;
				CLANG_WARN_OBJC_ROOT_CLASS = YES_ERROR;
				CLANG_WARN_RANGE_LOOP_ANALYSIS = YES;
				CLANG_WARN_STRICT_PROTOTYPES = YES;
				CLANG_WARN_SUSPICIOUS_MOVE = YES;
				CLANG_WARN_UNGUARDED_AVAILABILITY = YES_AGGRESSIVE;
				CLANG_WARN_UNREACHABLE_CODE = YES;
				CLANG_WARN__DUPLICATE_METHOD_MATCH = YES;
				COPY_PHASE_STRIP = NO;
				DEBUG_INFORMATION_FORMAT = "dwarf-with-dsym";
				ENABLE_NS_ASSERTIONS = NO;
				ENABLE_STRICT_OBJC_MSGSEND = YES;
				GCC_C_LANGUAGE_STANDARD = gnu11;
				GCC_NO_COMMON_BLOCKS = YES;
				GCC_WARN_64_TO_32_BIT_CONVERSION = YES;
				GCC_WARN_ABOUT_RETURN_TYPE = YES_ERROR;
				GCC_WARN_UNDECLARED_SELECTOR = YES;
				GCC_WARN_UNINITIALIZED_AUTOS = YES_AGGRESSIVE;
				GCC_WARN_UNUSED_FUNCTION = YES;
				GCC_WARN_UNUSED_VARIABLE = YES;
				IPHONEOS_DEPLOYMENT_TARGET = 13.2;
				MTL_ENABLE_DEBUG_INFO = NO;
				MTL_FAST_MATH = YES;
				SDKROOT = iphoneos;
				SWIFT_COMPILATION_MODE = wholemodule;
				SWIFT_OPTIMIZATION_LEVEL = "-O";
				VALIDATE_PRODUCT = YES;
			};
			name = Release;
		};
		3BA83B4A23A326B400CDDD37 /* Debug */ = {
			isa = XCBuildConfiguration;
			buildSettings = {
				ASSETCATALOG_COMPILER_APPICON_NAME = AppIcon;
				CODE_SIGN_STYLE = Automatic;
				DEVELOPMENT_ASSET_PATHS = "\"StructionSiteCC/Preview Content\"";
				DEVELOPMENT_TEAM = YL6W2UWF5T;
				ENABLE_PREVIEWS = YES;
				INFOPLIST_FILE = StructionSiteCC/Info.plist;
				LD_RUNPATH_SEARCH_PATHS = (
					"$(inherited)",
					"@executable_path/Frameworks",
				);
				PRODUCT_BUNDLE_IDENTIFIER = com.dekabestudios.StructionSiteCC;
				PRODUCT_NAME = "$(TARGET_NAME)";
				SWIFT_VERSION = 5.0;
				TARGETED_DEVICE_FAMILY = "1,2";
			};
			name = Debug;
		};
		3BA83B4B23A326B400CDDD37 /* Release */ = {
			isa = XCBuildConfiguration;
			buildSettings = {
				ASSETCATALOG_COMPILER_APPICON_NAME = AppIcon;
				CODE_SIGN_STYLE = Automatic;
				DEVELOPMENT_ASSET_PATHS = "\"StructionSiteCC/Preview Content\"";
				DEVELOPMENT_TEAM = YL6W2UWF5T;
				ENABLE_PREVIEWS = YES;
				INFOPLIST_FILE = StructionSiteCC/Info.plist;
				LD_RUNPATH_SEARCH_PATHS = (
					"$(inherited)",
					"@executable_path/Frameworks",
				);
				PRODUCT_BUNDLE_IDENTIFIER = com.dekabestudios.StructionSiteCC;
				PRODUCT_NAME = "$(TARGET_NAME)";
				SWIFT_VERSION = 5.0;
				TARGETED_DEVICE_FAMILY = "1,2";
			};
			name = Release;
		};
/* End XCBuildConfiguration section */

/* Begin XCConfigurationList section */
		3BA83B3023A326B100CDDD37 /* Build configuration list for PBXProject "StructionSiteCC" */ = {
			isa = XCConfigurationList;
			buildConfigurations = (
				3BA83B4723A326B400CDDD37 /* Debug */,
				3BA83B4823A326B400CDDD37 /* Release */,
			);
			defaultConfigurationIsVisible = 0;
			defaultConfigurationName = Release;
		};
		3BA83B4923A326B400CDDD37 /* Build configuration list for PBXNativeTarget "StructionSiteCC" */ = {
			isa = XCConfigurationList;
			buildConfigurations = (
				3BA83B4A23A326B400CDDD37 /* Debug */,
				3BA83B4B23A326B400CDDD37 /* Release */,
			);
			defaultConfigurationIsVisible = 0;
			defaultConfigurationName = Release;
		};
/* End XCConfigurationList section */
	};
	rootObject = 3BA83B2D23A326B100CDDD37 /* Project object */;
}
